#MicroXplorer Configuration settings - do not modify
Mcu.Family=STM32L0
RCC.MSI_VALUE=2097000
ProjectManager.MainLocation=Core/Src
RCC.USART1Freq_Value=2097000
ProjectManager.ProjectFileName=mini_controller.ioc
USART2.IPParameters=VirtualMode-Asynchronous
ProjectManager.KeepUserCode=true
Mcu.UserName=STM32L073RBHx
Mcu.PinsNb=13
ProjectManager.NoMain=false
RCC.LPUARTFreq_Value=2097000
RCC.PLLCLKFreq_Value=24000000
PC10.Signal=USART4_TX
PC11.Signal=USART4_RX
PC5.Locked=true
ProjectManager.functionlistsort=1-SystemClock_Config-RCC-false-HAL-false
PC4.Signal=LPUART1_TX
PC2.Signal=ADC_IN12
PC10.Mode=Asynchronous
RCC.RTCFreq_Value=37000
ProjectManager.DefaultFWLocation=true
PC2.Mode=IN12
RCC.USART2Freq_Value=2097000
NVIC.SVC_IRQn=true\:0\:0\:false\:false\:true\:false\:false
ProjectManager.DeletePrevious=true
USART1.IPParameters=VirtualMode-Asynchronous
PC0.Signal=I2C3_SCL
PC1.Locked=true
RCC.48CLKFreq_Value=24000000
PinOutPanel.RotationAngle=0
PinOutPanel.CurrentBGAView=Top
RCC.FamilyName=M
ProjectManager.StackSize=0x400
RCC.WatchDogFreq_Value=37000
RCC.I2C3Freq_Value=2097000
USART1.VirtualMode-Asynchronous=VM_ASYNC
Mcu.IP4=USART1
RCC.HSI16_VALUE=16000000
Mcu.IP5=USART2
Mcu.IP2=RCC
Mcu.IP3=SYS
SH.S_TIM2_CH2.0=TIM2_CH2
Mcu.IP0=ADC
PA9.Mode=Asynchronous
Mcu.IP1=NVIC
Mcu.UserConstants=
ProjectManager.TargetToolchain=STM32CubeIDE
Mcu.ThirdPartyNb=0
Mcu.IPNb=7
ProjectManager.PreviousToolchain=
RCC.APB2TimFreq_Value=2097000
PA9.Signal=USART1_TX
SH.S_TIM2_CH2.ConfNb=1
Mcu.Pin6=PC1
Mcu.Pin7=PC0
PC2.Locked=true
ProjectManager.RegisterCallBack=
Mcu.Pin8=PC2
Mcu.Pin9=PA1
RCC.LSE_VALUE=32768
PA1.Signal=S_TIM2_CH2
RCC.AHBFreq_Value=2097000
Mcu.Pin0=PA15
Mcu.Pin1=PA14
Mcu.Pin2=PC11
Mcu.Pin3=PC10
Mcu.Pin4=PB7
Mcu.Pin5=PA9
ProjectManager.ProjectBuild=false
RCC.HSE_VALUE=8000000
USART4.VirtualMode-Asynchronous=VM_ASYNC
board=custom
USART2.VirtualMode-Asynchronous=VM_ASYNC
RCC.VCOOutputFreq_Value=48000000
PA15.Mode=Asynchronous
NVIC.SysTick_IRQn=true\:0\:0\:false\:false\:true\:false\:true
ProjectManager.LastFirmware=true
ProjectManager.FirmwarePackage=STM32Cube FW_L0 V1.12.1
USART4.IPParameters=VirtualMode-Asynchronous
MxDb.Version=DB.6.0.21
RCC.APB2Freq_Value=2097000
ProjectManager.BackupPrevious=false
MxCube.Version=6.2.1
RCC.I2C1Freq_Value=2097000
PA14.Mode=Asynchronous
RCC.LCDFreq_Value=37000
File.Version=6
VP_SYS_VS_Systick.Mode=SysTick
PB7.Signal=USART1_RX
NVIC.NonMaskableInt_IRQn=true\:0\:0\:false\:false\:true\:false\:false
NVIC.PendSV_IRQn=true\:0\:0\:false\:false\:true\:false\:false
ProjectManager.FreePins=false
RCC.IPParameters=48CLKFreq_Value,AHBFreq_Value,APB1Freq_Value,APB1TimFreq_Value,APB2Freq_Value,APB2TimFreq_Value,FamilyName,HSE_VALUE,HSI16_VALUE,HSI48_VALUE,HSI_VALUE,I2C1Freq_Value,I2C3Freq_Value,LCDFreq_Value,LPTIMFreq_Value,LPUARTFreq_Value,LSE_VALUE,LSI_VALUE,MSI_VALUE,PLLCLKFreq_Value,PWRFreq_Value,RTCFreq_Value,RTCHSEDivFreq_Value,SYSCLKFreq_VALUE,TIMFreq_Value,USART1Freq_Value,USART2Freq_Value,VCOOutputFreq_Value,WatchDogFreq_Value
ProjectManager.AskForMigrate=true
Mcu.Name=STM32L073R(B-Z)Hx
ProjectManager.HalAssertFull=false
RCC.RTCHSEDivFreq_Value=4000000
ProjectManager.ProjectName=mini_controller
ProjectManager.UnderRoot=true
Mcu.IP6=USART4
ProjectManager.CoupleFile=false
RCC.SYSCLKFreq_VALUE=2097000
Mcu.Package=TFBGA64
PA1.Locked=true
NVIC.ForceEnableDMAVector=true
KeepUserPlacement=false
ProjectManager.CompilerOptimize=6
ProjectManager.ToolChainLocation=
RCC.LSI_VALUE=37000
VP_SYS_VS_Systick.Signal=SYS_VS_Systick
PB7.Mode=Asynchronous
PA14.Signal=USART2_TX
PA15.Signal=USART2_RX
ProjectManager.HeapSize=0x200
NVIC.HardFault_IRQn=true\:0\:0\:false\:false\:true\:false\:false
PC11.Mode=Asynchronous
ProjectManager.ComputerToolchain=false
RCC.HSI_VALUE=16000000
Mcu.Pin11=PC5
Mcu.Pin12=VP_SYS_VS_Systick
Mcu.Pin10=PC4
RCC.APB1TimFreq_Value=2097000
RCC.PWRFreq_Value=2097000
PC4.Locked=true
PC5.Signal=LPUART1_RX
RCC.APB1Freq_Value=2097000
ProjectManager.CustomerFirmwarePackage=
PC0.Locked=true
ProjectManager.DeviceId=STM32L073RBHx
PC1.Signal=I2C3_SDA
ProjectManager.LibraryCopy=1
RCC.LPTIMFreq_Value=2097000
RCC.HSI48_VALUE=48000000
RCC.TIMFreq_Value=2097000
isbadioc=true
